
Microsoft Visual Studio Solution File, Format Version 12.00
# Visual Studio Version 16
VisualStudioVersion = 16.0.32413.511
MinimumVisualStudioVersion = 10.0.40219.1
Project("{9A19103F-16F7-4668-BE54-9A1E7A4F7556}") = "Lab03_Akopyants", "Lab03_Acokyants\Lab03_Akopyants.csproj", "{791A626F-147E-4B7D-ADE9-6EE432907B57}"
EndProject
Project("{9A19103F-16F7-4668-BE54-9A1E7A4F7556}") = "Task2", "Task2\Task2.csproj", "{D4CCABB7-9321-4E57-8C92-1714D4CAAF13}"
EndProject
Project("{FAE04EC0-301F-11D3-BF4B-00C04F79EFBC}") = "Task3", "Task3\Task3.csproj", "{E7E123DD-7272-4B88-871E-A35FDA7D2CBB}"
EndProject
Global
	GlobalSection(SolutionConfigurationPlatforms) = preSolution
		Debug|Any CPU = Debug|Any CPU
		Release|Any CPU = Release|Any CPU
	EndGlobalSection
	GlobalSection(ProjectConfigurationPlatforms) = postSolution
		{791A626F-147E-4B7D-ADE9-6EE432907B57}.Debug|Any CPU.ActiveCfg = Debug|Any CPU
		{791A626F-147E-4B7D-ADE9-6EE432907B57}.Debug|Any CPU.Build.0 = Debug|Any CPU
		{791A626F-147E-4B7D-ADE9-6EE432907B57}.Release|Any CPU.ActiveCfg = Release|Any CPU
		{791A626F-147E-4B7D-ADE9-6EE432907B57}.Release|Any CPU.Build.0 = Release|Any CPU
		{D4CCABB7-9321-4E57-8C92-1714D4CAAF13}.Debug|Any CPU.ActiveCfg = Debug|Any CPU
		{D4CCABB7-9321-4E57-8C92-1714D4CAAF13}.Debug|Any CPU.Build.0 = Debug|Any CPU
		{D4CCABB7-9321-4E57-8C92-1714D4CAAF13}.Release|Any CPU.ActiveCfg = Release|Any CPU
		{D4CCABB7-9321-4E57-8C92-1714D4CAAF13}.Release|Any CPU.Build.0 = Release|Any CPU
		{E7E123DD-7272-4B88-871E-A35FDA7D2CBB}.Debug|Any CPU.ActiveCfg = Debug|Any CPU
		{E7E123DD-7272-4B88-871E-A35FDA7D2CBB}.Debug|Any CPU.Build.0 = Debug|Any CPU
		{E7E123DD-7272-4B88-871E-A35FDA7D2CBB}.Release|Any CPU.ActiveCfg = Release|Any CPU
		{E7E123DD-7272-4B88-871E-A35FDA7D2CBB}.Release|Any CPU.Build.0 = Release|Any CPU
	EndGlobalSection
	GlobalSection(SolutionProperties) = preSolution
		HideSolutionNode = FALSE
	EndGlobalSection
	GlobalSection(ExtensibilityGlobals) = postSolution
		SolutionGuid = {CEA3C5FF-E9EE-4372-A1A7-A7EC61995AAE}
	EndGlobalSection
EndGlobal
